// !$*UTF8*$!
{
	archiveVersion = 1;
	classes = {
	};
	objectVersion = 50;
	objects = {

/* Begin PBXBuildFile section */
		7A19CA0322A8B4A000A17D78 /* AppDelegate.swift in Sources */ = {isa = PBXBuildFile; fileRef = 7A19CA0222A8B4A000A17D78 /* AppDelegate.swift */; };
		7A19CA0B22A8B4A000A17D78 /* BooQs.xcdatamodeld in Sources */ = {isa = PBXBuildFile; fileRef = 7A19CA0922A8B4A000A17D78 /* BooQs.xcdatamodeld */; };
		7A19CA0D22A8B4A100A17D78 /* Assets.xcassets in Resources */ = {isa = PBXBuildFile; fileRef = 7A19CA0C22A8B4A100A17D78 /* Assets.xcassets */; };
		7A19CA1022A8B4A100A17D78 /* LaunchScreen.storyboard in Resources */ = {isa = PBXBuildFile; fileRef = 7A19CA0E22A8B4A100A17D78 /* LaunchScreen.storyboard */; };
		7A19CA1B22A8B4A100A17D78 /* BooQsTests.swift in Sources */ = {isa = PBXBuildFile; fileRef = 7A19CA1A22A8B4A100A17D78 /* BooQsTests.swift */; };
		7A19CA2622A8B4A100A17D78 /* BooQsUITests.swift in Sources */ = {isa = PBXBuildFile; fileRef = 7A19CA2522A8B4A100A17D78 /* BooQsUITests.swift */; };
		7A19CA3422A8B60500A17D78 /* Main.storyboard in Resources */ = {isa = PBXBuildFile; fileRef = 7A19CA3322A8B60400A17D78 /* Main.storyboard */; };
		7A19CA4622A8B71F00A17D78 /* SearchViewController.swift in Sources */ = {isa = PBXBuildFile; fileRef = 7A19CA3A22A8B71F00A17D78 /* SearchViewController.swift */; };
		7A19CA4722A8B71F00A17D78 /* ProfileViewController.swift in Sources */ = {isa = PBXBuildFile; fileRef = 7A19CA3B22A8B71F00A17D78 /* ProfileViewController.swift */; };
		7A19CA4922A8B71F00A17D78 /* ProfileViewController.xib in Resources */ = {isa = PBXBuildFile; fileRef = 7A19CA3F22A8B71F00A17D78 /* ProfileViewController.xib */; };
		7A19CA4A22A8B71F00A17D78 /* PostPreviewHeaderCell.xib in Resources */ = {isa = PBXBuildFile; fileRef = 7A19CA4122A8B71F00A17D78 /* PostPreviewHeaderCell.xib */; };
		7A19CA4C22A8B71F00A17D78 /* SearchViewController.xib in Resources */ = {isa = PBXBuildFile; fileRef = 7A19CA4322A8B71F00A17D78 /* SearchViewController.xib */; };
		7A19CA4D22A8B71F00A17D78 /* SearchTextField.swift in Sources */ = {isa = PBXBuildFile; fileRef = 7A19CA4522A8B71F00A17D78 /* SearchTextField.swift */; };
		7A19CA5122AB3BA900A17D78 /* BQPost.swift in Sources */ = {isa = PBXBuildFile; fileRef = 7A19CA5022AB3BA900A17D78 /* BQPost.swift */; };
		7A19CA5322AB3D8700A17D78 /* BQUser.swift in Sources */ = {isa = PBXBuildFile; fileRef = 7A19CA5222AB3D8700A17D78 /* BQUser.swift */; };
		7A19CA5522AB3F4B00A17D78 /* BQDatasource.swift in Sources */ = {isa = PBXBuildFile; fileRef = 7A19CA5422AB3F4B00A17D78 /* BQDatasource.swift */; };
		7A19CA5722AB4C2000A17D78 /* BQBook.swift in Sources */ = {isa = PBXBuildFile; fileRef = 7A19CA5622AB4C2000A17D78 /* BQBook.swift */; };
		7A19CA5C22AB5C6600A17D78 /* PostPreviewCell.swift in Sources */ = {isa = PBXBuildFile; fileRef = 7A19CA5A22AB5C6600A17D78 /* PostPreviewCell.swift */; };
		7A19CA5D22AB5C6600A17D78 /* PostPreviewCell.xib in Resources */ = {isa = PBXBuildFile; fileRef = 7A19CA5B22AB5C6600A17D78 /* PostPreviewCell.xib */; };
/* End PBXBuildFile section */

/* Begin PBXContainerItemProxy section */
		7A19CA1722A8B4A100A17D78 /* PBXContainerItemProxy */ = {
			isa = PBXContainerItemProxy;
			containerPortal = 7A19C9F722A8B49F00A17D78 /* Project object */;
			proxyType = 1;
			remoteGlobalIDString = 7A19C9FE22A8B4A000A17D78;
			remoteInfo = BooQs;
		};
		7A19CA2222A8B4A100A17D78 /* PBXContainerItemProxy */ = {
			isa = PBXContainerItemProxy;
			containerPortal = 7A19C9F722A8B49F00A17D78 /* Project object */;
			proxyType = 1;
			remoteGlobalIDString = 7A19C9FE22A8B4A000A17D78;
			remoteInfo = BooQs;
		};
/* End PBXContainerItemProxy section */

/* Begin PBXFileReference section */
		7A19C9FF22A8B4A000A17D78 /* BooQs.app */ = {isa = PBXFileReference; explicitFileType = wrapper.application; includeInIndex = 0; path = BooQs.app; sourceTree = BUILT_PRODUCTS_DIR; };
		7A19CA0222A8B4A000A17D78 /* AppDelegate.swift */ = {isa = PBXFileReference; lastKnownFileType = sourcecode.swift; path = AppDelegate.swift; sourceTree = "<group>"; };
		7A19CA0A22A8B4A000A17D78 /* BooQs.xcdatamodel */ = {isa = PBXFileReference; lastKnownFileType = wrapper.xcdatamodel; path = BooQs.xcdatamodel; sourceTree = "<group>"; };
		7A19CA0C22A8B4A100A17D78 /* Assets.xcassets */ = {isa = PBXFileReference; lastKnownFileType = folder.assetcatalog; path = Assets.xcassets; sourceTree = "<group>"; };
		7A19CA0F22A8B4A100A17D78 /* Base */ = {isa = PBXFileReference; lastKnownFileType = file.storyboard; name = Base; path = Base.lproj/LaunchScreen.storyboard; sourceTree = "<group>"; };
		7A19CA1122A8B4A100A17D78 /* Info.plist */ = {isa = PBXFileReference; lastKnownFileType = text.plist.xml; path = Info.plist; sourceTree = "<group>"; };
		7A19CA1622A8B4A100A17D78 /* BooQsTests.xctest */ = {isa = PBXFileReference; explicitFileType = wrapper.cfbundle; includeInIndex = 0; path = BooQsTests.xctest; sourceTree = BUILT_PRODUCTS_DIR; };
		7A19CA1A22A8B4A100A17D78 /* BooQsTests.swift */ = {isa = PBXFileReference; lastKnownFileType = sourcecode.swift; path = BooQsTests.swift; sourceTree = "<group>"; };
		7A19CA1C22A8B4A100A17D78 /* Info.plist */ = {isa = PBXFileReference; lastKnownFileType = text.plist.xml; path = Info.plist; sourceTree = "<group>"; };
		7A19CA2122A8B4A100A17D78 /* BooQsUITests.xctest */ = {isa = PBXFileReference; explicitFileType = wrapper.cfbundle; includeInIndex = 0; path = BooQsUITests.xctest; sourceTree = BUILT_PRODUCTS_DIR; };
		7A19CA2522A8B4A100A17D78 /* BooQsUITests.swift */ = {isa = PBXFileReference; lastKnownFileType = sourcecode.swift; path = BooQsUITests.swift; sourceTree = "<group>"; };
		7A19CA2722A8B4A100A17D78 /* Info.plist */ = {isa = PBXFileReference; lastKnownFileType = text.plist.xml; path = Info.plist; sourceTree = "<group>"; };
		7A19CA3322A8B60400A17D78 /* Main.storyboard */ = {isa = PBXFileReference; fileEncoding = 4; lastKnownFileType = file.storyboard; path = Main.storyboard; sourceTree = "<group>"; };
		7A19CA3A22A8B71F00A17D78 /* SearchViewController.swift */ = {isa = PBXFileReference; fileEncoding = 4; lastKnownFileType = sourcecode.swift; path = SearchViewController.swift; sourceTree = "<group>"; };
		7A19CA3B22A8B71F00A17D78 /* ProfileViewController.swift */ = {isa = PBXFileReference; fileEncoding = 4; lastKnownFileType = sourcecode.swift; path = ProfileViewController.swift; sourceTree = "<group>"; };
		7A19CA3F22A8B71F00A17D78 /* ProfileViewController.xib */ = {isa = PBXFileReference; fileEncoding = 4; lastKnownFileType = file.xib; path = ProfileViewController.xib; sourceTree = "<group>"; };
		7A19CA4122A8B71F00A17D78 /* PostPreviewHeaderCell.xib */ = {isa = PBXFileReference; fileEncoding = 4; lastKnownFileType = file.xib; path = PostPreviewHeaderCell.xib; sourceTree = "<group>"; };
		7A19CA4322A8B71F00A17D78 /* SearchViewController.xib */ = {isa = PBXFileReference; fileEncoding = 4; lastKnownFileType = file.xib; path = SearchViewController.xib; sourceTree = "<group>"; };
		7A19CA4522A8B71F00A17D78 /* SearchTextField.swift */ = {isa = PBXFileReference; fileEncoding = 4; lastKnownFileType = sourcecode.swift; path = SearchTextField.swift; sourceTree = "<group>"; };
		7A19CA5022AB3BA900A17D78 /* BQPost.swift */ = {isa = PBXFileReference; lastKnownFileType = sourcecode.swift; path = BQPost.swift; sourceTree = "<group>"; };
		7A19CA5222AB3D8700A17D78 /* BQUser.swift */ = {isa = PBXFileReference; lastKnownFileType = sourcecode.swift; path = BQUser.swift; sourceTree = "<group>"; };
		7A19CA5422AB3F4B00A17D78 /* BQDatasource.swift */ = {isa = PBXFileReference; lastKnownFileType = sourcecode.swift; path = BQDatasource.swift; sourceTree = "<group>"; };
		7A19CA5622AB4C2000A17D78 /* BQBook.swift */ = {isa = PBXFileReference; lastKnownFileType = sourcecode.swift; path = BQBook.swift; sourceTree = "<group>"; };
		7A19CA5A22AB5C6600A17D78 /* PostPreviewCell.swift */ = {isa = PBXFileReference; lastKnownFileType = sourcecode.swift; path = PostPreviewCell.swift; sourceTree = "<group>"; };
		7A19CA5B22AB5C6600A17D78 /* PostPreviewCell.xib */ = {isa = PBXFileReference; lastKnownFileType = file.xib; path = PostPreviewCell.xib; sourceTree = "<group>"; };
/* End PBXFileReference section */

/* Begin PBXFrameworksBuildPhase section */
		7A19C9FC22A8B4A000A17D78 /* Frameworks */ = {
			isa = PBXFrameworksBuildPhase;
			buildActionMask = 2147483647;
			files = (
			);
			runOnlyForDeploymentPostprocessing = 0;
		};
		7A19CA1322A8B4A100A17D78 /* Frameworks */ = {
			isa = PBXFrameworksBuildPhase;
			buildActionMask = 2147483647;
			files = (
			);
			runOnlyForDeploymentPostprocessing = 0;
		};
		7A19CA1E22A8B4A100A17D78 /* Frameworks */ = {
			isa = PBXFrameworksBuildPhase;
			buildActionMask = 2147483647;
			files = (
			);
			runOnlyForDeploymentPostprocessing = 0;
		};
/* End PBXFrameworksBuildPhase section */

/* Begin PBXGroup section */
		7A19C9F622A8B49F00A17D78 = {
			isa = PBXGroup;
			children = (
				7A19CA0122A8B4A000A17D78 /* BooQs */,
				7A19CA1922A8B4A100A17D78 /* BooQsTests */,
				7A19CA2422A8B4A100A17D78 /* BooQsUITests */,
				7A19CA0022A8B4A000A17D78 /* Products */,
			);
			sourceTree = "<group>";
		};
		7A19CA0022A8B4A000A17D78 /* Products */ = {
			isa = PBXGroup;
			children = (
				7A19C9FF22A8B4A000A17D78 /* BooQs.app */,
				7A19CA1622A8B4A100A17D78 /* BooQsTests.xctest */,
				7A19CA2122A8B4A100A17D78 /* BooQsUITests.xctest */,
			);
			name = Products;
			sourceTree = "<group>";
		};
		7A19CA0122A8B4A000A17D78 /* BooQs */ = {
			isa = PBXGroup;
			children = (
				7A19CA3722A8B71F00A17D78 /* Model */,
				7A19CA3E22A8B71F00A17D78 /* View */,
				7A19CA3922A8B71F00A17D78 /* Controller */,
				7A19CA3822A8B71F00A17D78 /* Extensions */,
				7A19CA3622A8B6E400A17D78 /* Data */,
				7A19CA3522A8B65B00A17D78 /* Storyboard */,
				7A19CA0C22A8B4A100A17D78 /* Assets.xcassets */,
				7A19CA1122A8B4A100A17D78 /* Info.plist */,
			);
			path = BooQs;
			sourceTree = "<group>";
		};
		7A19CA1922A8B4A100A17D78 /* BooQsTests */ = {
			isa = PBXGroup;
			children = (
				7A19CA1A22A8B4A100A17D78 /* BooQsTests.swift */,
				7A19CA1C22A8B4A100A17D78 /* Info.plist */,
			);
			path = BooQsTests;
			sourceTree = "<group>";
		};
		7A19CA2422A8B4A100A17D78 /* BooQsUITests */ = {
			isa = PBXGroup;
			children = (
				7A19CA2522A8B4A100A17D78 /* BooQsUITests.swift */,
				7A19CA2722A8B4A100A17D78 /* Info.plist */,
			);
			path = BooQsUITests;
			sourceTree = "<group>";
		};
		7A19CA3522A8B65B00A17D78 /* Storyboard */ = {
			isa = PBXGroup;
			children = (
				7A19CA0E22A8B4A100A17D78 /* LaunchScreen.storyboard */,
				7A19CA3322A8B60400A17D78 /* Main.storyboard */,
			);
			path = Storyboard;
			sourceTree = "<group>";
		};
		7A19CA3622A8B6E400A17D78 /* Data */ = {
			isa = PBXGroup;
			children = (
				7A19CA0922A8B4A000A17D78 /* BooQs.xcdatamodeld */,
			);
			path = Data;
			sourceTree = "<group>";
		};
		7A19CA3722A8B71F00A17D78 /* Model */ = {
			isa = PBXGroup;
			children = (
				7A19CA5022AB3BA900A17D78 /* BQPost.swift */,
				7A19CA5222AB3D8700A17D78 /* BQUser.swift */,
				7A19CA5422AB3F4B00A17D78 /* BQDatasource.swift */,
				7A19CA5622AB4C2000A17D78 /* BQBook.swift */,
			);
			path = Model;
			sourceTree = "<group>";
		};
		7A19CA3822A8B71F00A17D78 /* Extensions */ = {
			isa = PBXGroup;
			children = (
			);
			path = Extensions;
			sourceTree = "<group>";
		};
		7A19CA3922A8B71F00A17D78 /* Controller */ = {
			isa = PBXGroup;
			children = (
				7A19CA3C22A8B71F00A17D78 /* Main */,
				7A19CA3A22A8B71F00A17D78 /* SearchViewController.swift */,
				7A19CA3B22A8B71F00A17D78 /* ProfileViewController.swift */,
			);
			path = Controller;
			sourceTree = "<group>";
		};
		7A19CA3C22A8B71F00A17D78 /* Main */ = {
			isa = PBXGroup;
			children = (
				7A19CA0222A8B4A000A17D78 /* AppDelegate.swift */,
			);
			path = Main;
			sourceTree = "<group>";
		};
		7A19CA3E22A8B71F00A17D78 /* View */ = {
			isa = PBXGroup;
			children = (
				7A19CA4022A8B71F00A17D78 /* Cell */,
				7A19CA3F22A8B71F00A17D78 /* ProfileViewController.xib */,
				7A19CA4322A8B71F00A17D78 /* SearchViewController.xib */,
				7A19CA4422A8B71F00A17D78 /* UI+Custom */,
			);
			path = View;
			sourceTree = "<group>";
		};
		7A19CA4022A8B71F00A17D78 /* Cell */ = {
			isa = PBXGroup;
			children = (
				7A19CA4122A8B71F00A17D78 /* PostPreviewHeaderCell.xib */,
				7A19CA5A22AB5C6600A17D78 /* PostPreviewCell.swift */,
				7A19CA5B22AB5C6600A17D78 /* PostPreviewCell.xib */,
			);
			path = Cell;
			sourceTree = "<group>";
		};
		7A19CA4422A8B71F00A17D78 /* UI+Custom */ = {
			isa = PBXGroup;
			children = (
				7A19CA4522A8B71F00A17D78 /* SearchTextField.swift */,
			);
			path = "UI+Custom";
			sourceTree = "<group>";
		};
/* End PBXGroup section */

/* Begin PBXNativeTarget section */
		7A19C9FE22A8B4A000A17D78 /* BooQs */ = {
			isa = PBXNativeTarget;
			buildConfigurationList = 7A19CA2A22A8B4A100A17D78 /* Build configuration list for PBXNativeTarget "BooQs" */;
			buildPhases = (
				7A19C9FB22A8B4A000A17D78 /* Sources */,
				7A19C9FC22A8B4A000A17D78 /* Frameworks */,
				7A19C9FD22A8B4A000A17D78 /* Resources */,
			);
			buildRules = (
			);
			dependencies = (
			);
			name = BooQs;
			productName = BooQs;
			productReference = 7A19C9FF22A8B4A000A17D78 /* BooQs.app */;
			productType = "com.apple.product-type.application";
		};
		7A19CA1522A8B4A100A17D78 /* BooQsTests */ = {
			isa = PBXNativeTarget;
			buildConfigurationList = 7A19CA2D22A8B4A100A17D78 /* Build configuration list for PBXNativeTarget "BooQsTests" */;
			buildPhases = (
				7A19CA1222A8B4A100A17D78 /* Sources */,
				7A19CA1322A8B4A100A17D78 /* Frameworks */,
				7A19CA1422A8B4A100A17D78 /* Resources */,
			);
			buildRules = (
			);
			dependencies = (
				7A19CA1822A8B4A100A17D78 /* PBXTargetDependency */,
			);
			name = BooQsTests;
			productName = BooQsTests;
			productReference = 7A19CA1622A8B4A100A17D78 /* BooQsTests.xctest */;
			productType = "com.apple.product-type.bundle.unit-test";
		};
		7A19CA2022A8B4A100A17D78 /* BooQsUITests */ = {
			isa = PBXNativeTarget;
			buildConfigurationList = 7A19CA3022A8B4A100A17D78 /* Build configuration list for PBXNativeTarget "BooQsUITests" */;
			buildPhases = (
				7A19CA1D22A8B4A100A17D78 /* Sources */,
				7A19CA1E22A8B4A100A17D78 /* Frameworks */,
				7A19CA1F22A8B4A100A17D78 /* Resources */,
			);
			buildRules = (
			);
			dependencies = (
				7A19CA2322A8B4A100A17D78 /* PBXTargetDependency */,
			);
			name = BooQsUITests;
			productName = BooQsUITests;
			productReference = 7A19CA2122A8B4A100A17D78 /* BooQsUITests.xctest */;
			productType = "com.apple.product-type.bundle.ui-testing";
		};
/* End PBXNativeTarget section */

/* Begin PBXProject section */
		7A19C9F722A8B49F00A17D78 /* Project object */ = {
			isa = PBXProject;
			attributes = {
				LastSwiftUpdateCheck = 1020;
				LastUpgradeCheck = 1020;
				ORGANIZATIONNAME = "Leonardo Domingues";
				TargetAttributes = {
					7A19C9FE22A8B4A000A17D78 = {
						CreatedOnToolsVersion = 10.2.1;
					};
					7A19CA1522A8B4A100A17D78 = {
						CreatedOnToolsVersion = 10.2.1;
						TestTargetID = 7A19C9FE22A8B4A000A17D78;
					};
					7A19CA2022A8B4A100A17D78 = {
						CreatedOnToolsVersion = 10.2.1;
						TestTargetID = 7A19C9FE22A8B4A000A17D78;
					};
				};
			};
			buildConfigurationList = 7A19C9FA22A8B49F00A17D78 /* Build configuration list for PBXProject "BooQs" */;
			compatibilityVersion = "Xcode 9.3";
			developmentRegion = en;
			hasScannedForEncodings = 0;
			knownRegions = (
				en,
				Base,
			);
			mainGroup = 7A19C9F622A8B49F00A17D78;
			productRefGroup = 7A19CA0022A8B4A000A17D78 /* Products */;
			projectDirPath = "";
			projectRoot = "";
			targets = (
				7A19C9FE22A8B4A000A17D78 /* BooQs */,
				7A19CA1522A8B4A100A17D78 /* BooQsTests */,
				7A19CA2022A8B4A100A17D78 /* BooQsUITests */,
			);
		};
/* End PBXProject section */

/* Begin PBXResourcesBuildPhase section */
		7A19C9FD22A8B4A000A17D78 /* Resources */ = {
			isa = PBXResourcesBuildPhase;
			buildActionMask = 2147483647;
			files = (
				7A19CA3422A8B60500A17D78 /* Main.storyboard in Resources */,
				7A19CA1022A8B4A100A17D78 /* LaunchScreen.storyboard in Resources */,
				7A19CA4A22A8B71F00A17D78 /* PostPreviewHeaderCell.xib in Resources */,
				7A19CA5D22AB5C6600A17D78 /* PostPreviewCell.xib in Resources */,
				7A19CA4922A8B71F00A17D78 /* ProfileViewController.xib in Resources */,
				7A19CA0D22A8B4A100A17D78 /* Assets.xcassets in Resources */,
				7A19CA4C22A8B71F00A17D78 /* SearchViewController.xib in Resources */,
			);
			runOnlyForDeploymentPostprocessing = 0;
		};
		7A19CA1422A8B4A100A17D78 /* Resources */ = {
			isa = PBXResourcesBuildPhase;
			buildActionMask = 2147483647;
			files = (
			);
			runOnlyForDeploymentPostprocessing = 0;
		};
		7A19CA1F22A8B4A100A17D78 /* Resources */ = {
			isa = PBXResourcesBuildPhase;
			buildActionMask = 2147483647;
			files = (
			);
			runOnlyForDeploymentPostprocessing = 0;
		};
/* End PBXResourcesBuildPhase section */

/* Begin PBXSourcesBuildPhase section */
		7A19C9FB22A8B4A000A17D78 /* Sources */ = {
			isa = PBXSourcesBuildPhase;
			buildActionMask = 2147483647;
			files = (
				7A19CA5322AB3D8700A17D78 /* BQUser.swift in Sources */,
				7A19CA0322A8B4A000A17D78 /* AppDelegate.swift in Sources */,
				7A19CA4722A8B71F00A17D78 /* ProfileViewController.swift in Sources */,
				7A19CA5522AB3F4B00A17D78 /* BQDatasource.swift in Sources */,
				7A19CA5122AB3BA900A17D78 /* BQPost.swift in Sources */,
				7A19CA5C22AB5C6600A17D78 /* PostPreviewCell.swift in Sources */,
				7A19CA4D22A8B71F00A17D78 /* SearchTextField.swift in Sources */,
				7A19CA4622A8B71F00A17D78 /* SearchViewController.swift in Sources */,
				7A19CA5722AB4C2000A17D78 /* BQBook.swift in Sources */,
				7A19CA0B22A8B4A000A17D78 /* BooQs.xcdatamodeld in Sources */,
			);
			runOnlyForDeploymentPostprocessing = 0;
		};
		7A19CA1222A8B4A100A17D78 /* Sources */ = {
			isa = PBXSourcesBuildPhase;
			buildActionMask = 2147483647;
			files = (
				7A19CA1B22A8B4A100A17D78 /* BooQsTests.swift in Sources */,
			);
			runOnlyForDeploymentPostprocessing = 0;
		};
		7A19CA1D22A8B4A100A17D78 /* Sources */ = {
			isa = PBXSourcesBuildPhase;
			buildActionMask = 2147483647;
			files = (
				7A19CA2622A8B4A100A17D78 /* BooQsUITests.swift in Sources */,
			);
			runOnlyForDeploymentPostprocessing = 0;
		};
/* End PBXSourcesBuildPhase section */

/* Begin PBXTargetDependency section */
		7A19CA1822A8B4A100A17D78 /* PBXTargetDependency */ = {
			isa = PBXTargetDependency;
			target = 7A19C9FE22A8B4A000A17D78 /* BooQs */;
			targetProxy = 7A19CA1722A8B4A100A17D78 /* PBXContainerItemProxy */;
		};
		7A19CA2322A8B4A100A17D78 /* PBXTargetDependency */ = {
			isa = PBXTargetDependency;
			target = 7A19C9FE22A8B4A000A17D78 /* BooQs */;
			targetProxy = 7A19CA2222A8B4A100A17D78 /* PBXContainerItemProxy */;
		};
/* End PBXTargetDependency section */

/* Begin PBXVariantGroup section */
		7A19CA0E22A8B4A100A17D78 /* LaunchScreen.storyboard */ = {
			isa = PBXVariantGroup;
			children = (
				7A19CA0F22A8B4A100A17D78 /* Base */,
			);
			name = LaunchScreen.storyboard;
			sourceTree = "<group>";
		};
/* End PBXVariantGroup section */

/* Begin XCBuildConfiguration section */
		7A19CA2822A8B4A100A17D78 /* Debug */ = {
			isa = XCBuildConfiguration;
			buildSettings = {
				ALWAYS_SEARCH_USER_PATHS = NO;
				CLANG_ANALYZER_NONNULL = YES;
				CLANG_ANALYZER_NUMBER_OBJECT_CONVERSION = YES_AGGRESSIVE;
				CLANG_CXX_LANGUAGE_STANDARD = "gnu++14";
				CLANG_CXX_LIBRARY = "libc++";
				CLANG_ENABLE_MODULES = YES;
				CLANG_ENABLE_OBJC_ARC = YES;
				CLANG_ENABLE_OBJC_WEAK = YES;
				CLANG_WARN_BLOCK_CAPTURE_AUTORELEASING = YES;
				CLANG_WARN_BOOL_CONVERSION = YES;
				CLANG_WARN_COMMA = YES;
				CLANG_WARN_CONSTANT_CONVERSION = YES;
				CLANG_WARN_DEPRECATED_OBJC_IMPLEMENTATIONS = YES;
				CLANG_WARN_DIRECT_OBJC_ISA_USAGE = YES_ERROR;
				CLANG_WARN_DOCUMENTATION_COMMENTS = YES;
				CLANG_WARN_EMPTY_BODY = YES;
				CLANG_WARN_ENUM_CONVERSION = YES;
				CLANG_WARN_INFINITE_RECURSION = YES;
				CLANG_WARN_INT_CONVERSION = YES;
				CLANG_WARN_NON_LITERAL_NULL_CONVERSION = YES;
				CLANG_WARN_OBJC_IMPLICIT_RETAIN_SELF = YES;
				CLANG_WARN_OBJC_LITERAL_CONVERSION = YES;
				CLANG_WARN_OBJC_ROOT_CLASS = YES_ERROR;
				CLANG_WARN_RANGE_LOOP_ANALYSIS = YES;
				CLANG_WARN_STRICT_PROTOTYPES = YES;
				CLANG_WARN_SUSPICIOUS_MOVE = YES;
				CLANG_WARN_UNGUARDED_AVAILABILITY = YES_AGGRESSIVE;
				CLANG_WARN_UNREACHABLE_CODE = YES;
				CLANG_WARN__DUPLICATE_METHOD_MATCH = YES;
				CODE_SIGN_IDENTITY = "iPhone Developer";
				COPY_PHASE_STRIP = NO;
				DEBUG_INFORMATION_FORMAT = dwarf;
				ENABLE_STRICT_OBJC_MSGSEND = YES;
				ENABLE_TESTABILITY = YES;
				GCC_C_LANGUAGE_STANDARD = gnu11;
				GCC_DYNAMIC_NO_PIC = NO;
				GCC_NO_COMMON_BLOCKS = YES;
				GCC_OPTIMIZATION_LEVEL = 0;
				GCC_PREPROCESSOR_DEFINITIONS = (
					"DEBUG=1",
					"$(inherited)",
				);
				GCC_WARN_64_TO_32_BIT_CONVERSION = YES;
				GCC_WARN_ABOUT_RETURN_TYPE = YES_ERROR;
				GCC_WARN_UNDECLARED_SELECTOR = YES;
				GCC_WARN_UNINITIALIZED_AUTOS = YES_AGGRESSIVE;
				GCC_WARN_UNUSED_FUNCTION = YES;
				GCC_WARN_UNUSED_VARIABLE = YES;
				IPHONEOS_DEPLOYMENT_TARGET = 12.2;
				MTL_ENABLE_DEBUG_INFO = INCLUDE_SOURCE;
				MTL_FAST_MATH = YES;
				ONLY_ACTIVE_ARCH = YES;
				SDKROOT = iphoneos;
				SWIFT_ACTIVE_COMPILATION_CONDITIONS = DEBUG;
				SWIFT_OPTIMIZATION_LEVEL = "-Onone";
			};
			name = Debug;
		};
		7A19CA2922A8B4A100A17D78 /* Release */ = {
			isa = XCBuildConfiguration;
			buildSettings = {
				ALWAYS_SEARCH_USER_PATHS = NO;
				CLANG_ANALYZER_NONNULL = YES;
				CLANG_ANALYZER_NUMBER_OBJECT_CONVERSION = YES_AGGRESSIVE;
				CLANG_CXX_LANGUAGE_STANDARD = "gnu++14";
				CLANG_CXX_LIBRARY = "libc++";
				CLANG_ENABLE_MODULES = YES;
				CLANG_ENABLE_OBJC_ARC = YES;
				CLANG_ENABLE_OBJC_WEAK = YES;
				CLANG_WARN_BLOCK_CAPTURE_AUTORELEASING = YES;
				CLANG_WARN_BOOL_CONVERSION = YES;
				CLANG_WARN_COMMA = YES;
				CLANG_WARN_CONSTANT_CONVERSION = YES;
				CLANG_WARN_DEPRECATED_OBJC_IMPLEMENTATIONS = YES;
				CLANG_WARN_DIRECT_OBJC_ISA_USAGE = YES_ERROR;
				CLANG_WARN_DOCUMENTATION_COMMENTS = YES;
				CLANG_WARN_EMPTY_BODY = YES;
				CLANG_WARN_ENUM_CONVERSION = YES;
				CLANG_WARN_INFINITE_RECURSION = YES;
				CLANG_WARN_INT_CONVERSION = YES;
				CLANG_WARN_NON_LITERAL_NULL_CONVERSION = YES;
				CLANG_WARN_OBJC_IMPLICIT_RETAIN_SELF = YES;
				CLANG_WARN_OBJC_LITERAL_CONVERSION = YES;
				CLANG_WARN_OBJC_ROOT_CLASS = YES_ERROR;
				CLANG_WARN_RANGE_LOOP_ANALYSIS = YES;
				CLANG_WARN_STRICT_PROTOTYPES = YES;
				CLANG_WARN_SUSPICIOUS_MOVE = YES;
				CLANG_WARN_UNGUARDED_AVAILABILITY = YES_AGGRESSIVE;
				CLANG_WARN_UNREACHABLE_CODE = YES;
				CLANG_WARN__DUPLICATE_METHOD_MATCH = YES;
				CODE_SIGN_IDENTITY = "iPhone Developer";
				COPY_PHASE_STRIP = NO;
				DEBUG_INFORMATION_FORMAT = "dwarf-with-dsym";
				ENABLE_NS_ASSERTIONS = NO;
				ENABLE_STRICT_OBJC_MSGSEND = YES;
				GCC_C_LANGUAGE_STANDARD = gnu11;
				GCC_NO_COMMON_BLOCKS = YES;
				GCC_WARN_64_TO_32_BIT_CONVERSION = YES;
				GCC_WARN_ABOUT_RETURN_TYPE = YES_ERROR;
				GCC_WARN_UNDECLARED_SELECTOR = YES;
				GCC_WARN_UNINITIALIZED_AUTOS = YES_AGGRESSIVE;
				GCC_WARN_UNUSED_FUNCTION = YES;
				GCC_WARN_UNUSED_VARIABLE = YES;
				IPHONEOS_DEPLOYMENT_TARGET = 12.2;
				MTL_ENABLE_DEBUG_INFO = NO;
				MTL_FAST_MATH = YES;
				SDKROOT = iphoneos;
				SWIFT_COMPILATION_MODE = wholemodule;
				SWIFT_OPTIMIZATION_LEVEL = "-O";
				VALIDATE_PRODUCT = YES;
			};
			name = Release;
		};
		7A19CA2B22A8B4A100A17D78 /* Debug */ = {
			isa = XCBuildConfiguration;
			buildSettings = {
				ASSETCATALOG_COMPILER_APPICON_NAME = AppIcon;
				CODE_SIGN_STYLE = Automatic;
				DEVELOPMENT_TEAM = G736GNRXH4;
				INFOPLIST_FILE = BooQs/Info.plist;
				LD_RUNPATH_SEARCH_PATHS = (
					"$(inherited)",
					"@executable_path/Frameworks",
				);
				PRODUCT_BUNDLE_IDENTIFIER = com.leodmgs.BooQs;
				PRODUCT_NAME = "$(TARGET_NAME)";
				SWIFT_VERSION = 5.0;
				TARGETED_DEVICE_FAMILY = "1,2";
			};
			name = Debug;
		};
		7A19CA2C22A8B4A100A17D78 /* Release */ = {
			isa = XCBuildConfiguration;
			buildSettings = {
				ASSETCATALOG_COMPILER_APPICON_NAME = AppIcon;
				CODE_SIGN_STYLE = Automatic;
				DEVELOPMENT_TEAM = G736GNRXH4;
				INFOPLIST_FILE = BooQs/Info.plist;
				LD_RUNPATH_SEARCH_PATHS = (
					"$(inherited)",
					"@executable_path/Frameworks",
				);
				PRODUCT_BUNDLE_IDENTIFIER = com.leodmgs.BooQs;
				PRODUCT_NAME = "$(TARGET_NAME)";
				SWIFT_VERSION = 5.0;
				TARGETED_DEVICE_FAMILY = "1,2";
			};
			name = Release;
		};
		7A19CA2E22A8B4A100A17D78 /* Debug */ = {
			isa = XCBuildConfiguration;
			buildSettings = {
				ALWAYS_EMBED_SWIFT_STANDARD_LIBRARIES = YES;
				BUNDLE_LOADER = "$(TEST_HOST)";
				CODE_SIGN_STYLE = Automatic;
				DEVELOPMENT_TEAM = G736GNRXH4;
				INFOPLIST_FILE = BooQsTests/Info.plist;
				LD_RUNPATH_SEARCH_PATHS = (
					"$(inherited)",
					"@executable_path/Frameworks",
					"@loader_path/Frameworks",
				);
				PRODUCT_BUNDLE_IDENTIFIER = com.leodmgs.BooQsTests;
				PRODUCT_NAME = "$(TARGET_NAME)";
				SWIFT_VERSION = 5.0;
				TARGETED_DEVICE_FAMILY = "1,2";
				TEST_HOST = "$(BUILT_PRODUCTS_DIR)/BooQs.app/BooQs";
			};
			name = Debug;
		};
		7A19CA2F22A8B4A100A17D78 /* Release */ = {
			isa = XCBuildConfiguration;
			buildSettings = {
				ALWAYS_EMBED_SWIFT_STANDARD_LIBRARIES = YES;
				BUNDLE_LOADER = "$(TEST_HOST)";
				CODE_SIGN_STYLE = Automatic;
				DEVELOPMENT_TEAM = G736GNRXH4;
				INFOPLIST_FILE = BooQsTests/Info.plist;
				LD_RUNPATH_SEARCH_PATHS = (
					"$(inherited)",
					"@executable_path/Frameworks",
					"@loader_path/Frameworks",
				);
				PRODUCT_BUNDLE_IDENTIFIER = com.leodmgs.BooQsTests;
				PRODUCT_NAME = "$(TARGET_NAME)";
				SWIFT_VERSION = 5.0;
				TARGETED_DEVICE_FAMILY = "1,2";
				TEST_HOST = "$(BUILT_PRODUCTS_DIR)/BooQs.app/BooQs";
			};
			name = Release;
		};
		7A19CA3122A8B4A100A17D78 /* Debug */ = {
			isa = XCBuildConfiguration;
			buildSettings = {
				ALWAYS_EMBED_SWIFT_STANDARD_LIBRARIES = YES;
				CODE_SIGN_STYLE = Automatic;
				DEVELOPMENT_TEAM = G736GNRXH4;
				INFOPLIST_FILE = BooQsUITests/Info.plist;
				LD_RUNPATH_SEARCH_PATHS = (
					"$(inherited)",
					"@executable_path/Frameworks",
					"@loader_path/Frameworks",
				);
				PRODUCT_BUNDLE_IDENTIFIER = com.leodmgs.BooQsUITests;
				PRODUCT_NAME = "$(TARGET_NAME)";
				SWIFT_VERSION = 5.0;
				TARGETED_DEVICE_FAMILY = "1,2";
				TEST_TARGET_NAME = BooQs;
			};
			name = Debug;
		};
		7A19CA3222A8B4A100A17D78 /* Release */ = {
			isa = XCBuildConfiguration;
			buildSettings = {
				ALWAYS_EMBED_SWIFT_STANDARD_LIBRARIES = YES;
				CODE_SIGN_STYLE = Automatic;
				DEVELOPMENT_TEAM = G736GNRXH4;
				INFOPLIST_FILE = BooQsUITests/Info.plist;
				LD_RUNPATH_SEARCH_PATHS = (
					"$(inherited)",
					"@executable_path/Frameworks",
					"@loader_path/Frameworks",
				);
				PRODUCT_BUNDLE_IDENTIFIER = com.leodmgs.BooQsUITests;
				PRODUCT_NAME = "$(TARGET_NAME)";
				SWIFT_VERSION = 5.0;
				TARGETED_DEVICE_FAMILY = "1,2";
				TEST_TARGET_NAME = BooQs;
			};
			name = Release;
		};
/* End XCBuildConfiguration section */

/* Begin XCConfigurationList section */
		7A19C9FA22A8B49F00A17D78 /* Build configuration list for PBXProject "BooQs" */ = {
			isa = XCConfigurationList;
			buildConfigurations = (
				7A19CA2822A8B4A100A17D78 /* Debug */,
				7A19CA2922A8B4A100A17D78 /* Release */,
			);
			defaultConfigurationIsVisible = 0;
			defaultConfigurationName = Release;
		};
		7A19CA2A22A8B4A100A17D78 /* Build configuration list for PBXNativeTarget "BooQs" */ = {
			isa = XCConfigurationList;
			buildConfigurations = (
				7A19CA2B22A8B4A100A17D78 /* Debug */,
				7A19CA2C22A8B4A100A17D78 /* Release */,
			);
			defaultConfigurationIsVisible = 0;
			defaultConfigurationName = Release;
		};
		7A19CA2D22A8B4A100A17D78 /* Build configuration list for PBXNativeTarget "BooQsTests" */ = {
			isa = XCConfigurationList;
			buildConfigurations = (
				7A19CA2E22A8B4A100A17D78 /* Debug */,
				7A19CA2F22A8B4A100A17D78 /* Release */,
			);
			defaultConfigurationIsVisible = 0;
			defaultConfigurationName = Release;
		};
		7A19CA3022A8B4A100A17D78 /* Build configuration list for PBXNativeTarget "BooQsUITests" */ = {
			isa = XCConfigurationList;
			buildConfigurations = (
				7A19CA3122A8B4A100A17D78 /* Debug */,
				7A19CA3222A8B4A100A17D78 /* Release */,
			);
			defaultConfigurationIsVisible = 0;
			defaultConfigurationName = Release;
		};
/* End XCConfigurationList section */

/* Begin XCVersionGroup section */
		7A19CA0922A8B4A000A17D78 /* BooQs.xcdatamodeld */ = {
			isa = XCVersionGroup;
			children = (
				7A19CA0A22A8B4A000A17D78 /* BooQs.xcdatamodel */,
			);
			currentVersion = 7A19CA0A22A8B4A000A17D78 /* BooQs.xcdatamodel */;
			path = BooQs.xcdatamodeld;
			sourceTree = "<group>";
			versionGroupType = wrapper.xcdatamodel;
		};
/* End XCVersionGroup section */
	};
	rootObject = 7A19C9F722A8B49F00A17D78 /* Project object */;
}
